
Microsoft Visual Studio Solution File, Format Version 12.00
# Visual Studio Version 17
VisualStudioVersion = 17.0.31919.166
MinimumVisualStudioVersion = 10.0.40219.1
Project("{FAE04EC0-301F-11D3-BF4B-00C04F79EFBC}") = "oops_basics", "oops_basics\oops_basics.csproj", "{8C24E87B-37CE-4939-9182-783A16DA234A}"
EndProject
Global
	GlobalSection(SolutionConfigurationPlatforms) = preSolution
		Debug|Any CPU = Debug|Any CPU
		Release|Any CPU = Release|Any CPU
	EndGlobalSection
	GlobalSection(ProjectConfigurationPlatforms) = postSolution
		{8C24E87B-37CE-4939-9182-783A16DA234A}.Debug|Any CPU.ActiveCfg = Debug|Any CPU
		{8C24E87B-37CE-4939-9182-783A16DA234A}.Debug|Any CPU.Build.0 = Debug|Any CPU
		{8C24E87B-37CE-4939-9182-783A16DA234A}.Release|Any CPU.ActiveCfg = Release|Any CPU
		{8C24E87B-37CE-4939-9182-783A16DA234A}.Release|Any CPU.Build.0 = Release|Any CPU
	EndGlobalSection
	GlobalSection(SolutionProperties) = preSolution
		HideSolutionNode = FALSE
	EndGlobalSection
	GlobalSection(ExtensibilityGlobals) = postSolution
		SolutionGuid = {8A006F4D-DD7F-4D15-AEAF-993BC82622B0}
	EndGlobalSection
EndGlobal
